
Microsoft Visual Studio Solution File, Format Version 12.00
# Visual Studio Version 17
VisualStudioVersion = 17.9.34728.123
MinimumVisualStudioVersion = 10.0.40219.1
Project("{9A19103F-16F7-4668-BE54-9A1E7A4F7556}") = "IntroToBlazor1", "IntroToBlazor1\IntroToBlazor1\IntroToBlazor1.csproj", "{B38CF43E-B179-43D1-8673-C7A8D2EF7EEA}"
EndProject
Project("{9A19103F-16F7-4668-BE54-9A1E7A4F7556}") = "IntroToBlazor1.Client", "IntroToBlazor1\IntroToBlazor1.Client\IntroToBlazor1.Client.csproj", "{BA0FF8EA-35F0-4755-9B34-97A593DF505D}"
EndProject
Global
	GlobalSection(SolutionConfigurationPlatforms) = preSolution
		Debug|Any CPU = Debug|Any CPU
		Release|Any CPU = Release|Any CPU
	EndGlobalSection
	GlobalSection(ProjectConfigurationPlatforms) = postSolution
		{B38CF43E-B179-43D1-8673-C7A8D2EF7EEA}.Debug|Any CPU.ActiveCfg = Debug|Any CPU
		{B38CF43E-B179-43D1-8673-C7A8D2EF7EEA}.Debug|Any CPU.Build.0 = Debug|Any CPU
		{B38CF43E-B179-43D1-8673-C7A8D2EF7EEA}.Release|Any CPU.ActiveCfg = Release|Any CPU
		{B38CF43E-B179-43D1-8673-C7A8D2EF7EEA}.Release|Any CPU.Build.0 = Release|Any CPU
		{BA0FF8EA-35F0-4755-9B34-97A593DF505D}.Debug|Any CPU.ActiveCfg = Debug|Any CPU
		{BA0FF8EA-35F0-4755-9B34-97A593DF505D}.Debug|Any CPU.Build.0 = Debug|Any CPU
		{BA0FF8EA-35F0-4755-9B34-97A593DF505D}.Release|Any CPU.ActiveCfg = Release|Any CPU
		{BA0FF8EA-35F0-4755-9B34-97A593DF505D}.Release|Any CPU.Build.0 = Release|Any CPU
	EndGlobalSection
	GlobalSection(SolutionProperties) = preSolution
		HideSolutionNode = FALSE
	EndGlobalSection
	GlobalSection(ExtensibilityGlobals) = postSolution
		SolutionGuid = {9BB88A0A-E475-47F1-8026-2373C1EE3D21}
	EndGlobalSection
EndGlobal
